{
    "_readme": [
        "This file locks the dependencies of your project to a known state",
        "Read more about it at https://getcomposer.org/doc/01-basic-usage.md#installing-dependencies",
        "This file is @generated automatically"
    ],
    "content-hash": "d6ef18c457bf3bbed2810867b66ea103",
    "packages": [
        {
            "name": "phalapi/cli",
            "version": "dev-master",
            "source": {
                "type": "git",
                "url": "https://github.com/phalapi/cli.git",
                "reference": "c5df41e5fa483ad5990296421cde808a0d29f36f"
            },
            "dist": {
                "type": "zip",
                "url": "https://api.github.com/repos/phalapi/cli/zipball/c5df41e5fa483ad5990296421cde808a0d29f36f",
                "reference": "c5df41e5fa483ad5990296421cde808a0d29f36f",
                "shasum": ""
            },
            "require": {
                "php": ">=5.3.3"
            },
            "type": "library",
            "autoload": {
                "psr-4": {
                    "PhalApi\\CLI\\": "src"
                }
            },
            "notification-url": "https://packagist.org/downloads/",
            "license": [
                "GPL-3.0+"
            ],
            "authors": [
                {
                    "name": "Dogstar Huang",
                    "email": "chanzonghuang@gmail.com",
                    "homepage": "http://my.oschina.net/dogstar",
                    "role": "Developer"
                }
            ],
            "description": "PhalApi 2.x 扩展类库 - CLI命令行，可用于开发命令行应用，基于GetOpt，主要作用是将命令参数进行解析和处理。",
            "homepage": "https://www.phalapi.net/",
            "keywords": [
                "cli",
                "phalapi",
                "phalapi-cli"
            ],
            "time": "2019-03-30T15:41:41+00:00"
        },
        {
            "name": "phalapi/kernal",
            "version": "2.12.2",
            "source": {
                "type": "git",
                "url": "https://github.com/phalapi/kernal.git",
                "reference": "4903f08ad7fc3ea682f102314ed9e2a179621d03"
            },
            "dist": {
                "type": "zip",
                "url": "https://api.github.com/repos/phalapi/kernal/zipball/4903f08ad7fc3ea682f102314ed9e2a179621d03",
                "reference": "4903f08ad7fc3ea682f102314ed9e2a179621d03",
                "shasum": ""
            },
            "require": {
                "phalapi/notorm": "2.*.*",
                "php": ">=5.3.3"
            },
            "type": "library",
            "autoload": {
                "files": [
                    "src/bootstrap.php",
                    "src/functions.php"
                ],
                "psr-4": {
                    "PhalApi\\": "src"
                }
            },
            "notification-url": "https://packagist.org/downloads/",
            "license": [
                "GPL-3.0+"
            ],
            "authors": [
                {
                    "name": "Dogstar Huang",
                    "email": "chanzonghuang@gmail.com",
                    "homepage": "http://my.oschina.net/dogstar",
                    "role": "Developer"
                },
                {
                    "name": "kwan",
                    "email": "303198069@qq.com",
                    "role": "Developer"
                }
            ],
            "description": "PhalApi 2.x 框架核心部分。",
            "homepage": "https://www.phalapi.net/",
            "keywords": [
                "api",
                "framework",
                "phalapi"
            ],
            "time": "2020-03-11T06:23:00+00:00"
        },
        {
            "name": "phalapi/notorm",
            "version": "2.10.0",
            "source": {
                "type": "git",
                "url": "https://github.com/phalapi/notorm.git",
                "reference": "337cac09d3563a325d574298b87c6a7a5f8f759f"
            },
            "dist": {
                "type": "zip",
                "url": "https://api.github.com/repos/phalapi/notorm/zipball/337cac09d3563a325d574298b87c6a7a5f8f759f",
                "reference": "337cac09d3563a325d574298b87c6a7a5f8f759f",
                "shasum": ""
            },
            "require": {
                "php": ">=5.3.3"
            },
            "type": "library",
            "autoload": {
                "psr-4": {
                    "PhalApi\\NotORM\\": "src"
                }
            },
            "notification-url": "https://packagist.org/downloads/",
            "license": [
                "GPL-3.0+"
            ],
            "authors": [
                {
                    "name": "Dogstar Huang",
                    "email": "chanzonghuang@gmail.com",
                    "homepage": "http://my.oschina.net/dogstar",
                    "role": "Developer"
                }
            ],
            "description": "基于NotORM类库的优化版本，专门用于PhalApi 2.x 开源接口框架。",
            "homepage": "http://www.phalapi.net",
            "keywords": [
                "api",
                "notorm",
                "phalapi"
            ],
            "time": "2020-03-10T11:52:02+00:00"
        },
        {
            "name": "phalapi/qiniu",
            "version": "dev-master",
            "source": {
                "type": "git",
                "url": "https://github.com/phalapi/qiniu.git",
                "reference": "91592b86317441a47ec067c16e149a7e10ca9a5f"
            },
            "dist": {
                "type": "zip",
                "url": "https://api.github.com/repos/phalapi/qiniu/zipball/91592b86317441a47ec067c16e149a7e10ca9a5f",
                "reference": "91592b86317441a47ec067c16e149a7e10ca9a5f",
                "shasum": ""
            },
            "require": {
                "qiniu/qiniu": "*"
            },
            "type": "library",
            "autoload": {
                "psr-4": {
                    "PhalApi\\Qiniu\\": "src"
                }
            },
            "notification-url": "https://packagist.org/downloads/",
            "license": [
                "GPL-3.0+"
            ],
            "authors": [
                {
                    "name": "Dogstar Huang",
                    "email": "chanzonghuang@gmail.com",
                    "homepage": "http://my.oschina.net/dogstar",
                    "role": "Developer"
                }
            ],
            "description": "PhalApi 2.x 扩展类库：七牛云存储接口调用",
            "homepage": "https://www.phalapi.net/",
            "keywords": [
                "phalapi",
                "phalapi-qiniu",
                "qiniu"
            ],
            "time": "2019-06-26T13:39:56+00:00"
        },
        {
            "name": "phalapi/qrcode",
            "version": "dev-master",
            "source": {
                "type": "git",
                "url": "https://github.com/phalapi/qrcode.git",
                "reference": "cbb3c5f3f95a7902b0a72786a77495ada0c006b7"
            },
            "dist": {
                "type": "zip",
                "url": "https://api.github.com/repos/phalapi/qrcode/zipball/cbb3c5f3f95a7902b0a72786a77495ada0c006b7",
                "reference": "cbb3c5f3f95a7902b0a72786a77495ada0c006b7",
                "shasum": ""
            },
            "type": "library",
            "autoload": {
                "psr-4": {
                    "PhalApi\\QrCode\\": "src"
                }
            },
            "notification-url": "https://packagist.org/downloads/",
            "license": [
                "GPL-3.0+"
            ],
            "authors": [
                {
                    "name": "dogstar huang",
                    "email": "chanzonghuang@gmail.com",
                    "homepage": "http://my.oschina.net/dogstar",
                    "role": "Developer"
                }
            ],
            "description": "PhalApi 2.x 扩展类库：基于QRCode实现的二维码扩展",
            "homepage": "https://www.phalapi.net/",
            "keywords": [
                "phalapi",
                "phalapi-qrcode",
                "qrcode",
                "二维码"
            ],
            "time": "2017-12-29T12:03:03+00:00"
        },
        {
            "name": "phalapi/task",
            "version": "dev-master",
            "source": {
                "type": "git",
                "url": "https://github.com/phalapi/task.git",
                "reference": "552421219a3097a81c576fc2607d96894d489def"
            },
            "dist": {
                "type": "zip",
                "url": "https://api.github.com/repos/phalapi/task/zipball/552421219a3097a81c576fc2607d96894d489def",
                "reference": "552421219a3097a81c576fc2607d96894d489def",
                "shasum": ""
            },
            "require": {
                "php": ">=5.3.3"
            },
            "type": "library",
            "autoload": {
                "psr-4": {
                    "PhalApi\\Task\\": "src"
                }
            },
            "notification-url": "https://packagist.org/downloads/",
            "license": [
                "GPL-3.0+"
            ],
            "authors": [
                {
                    "name": "Dogstar Huang",
                    "email": "chanzonghuang@gmail.com",
                    "homepage": "http://my.oschina.net/dogstar",
                    "role": "Developer"
                }
            ],
            "description": "PhalApi 2.x 扩展类库 - Task计划任务，以接口服务形式实现的新型计划任务。",
            "homepage": "https://www.phalapi.net/",
            "keywords": [
                "phalapi",
                "phalapi-task",
                "task"
            ],
            "time": "2018-04-24T14:25:40+00:00"
        },
        {
            "name": "qiniu/qiniu",
            "version": "dev-master",
            "source": {
                "type": "git",
                "url": "https://github.com/hfcorriez/php-qiniu.git",
                "reference": "6b43b5020ec78b4cb68fb337ae8937c1679d5aef"
            },
            "dist": {
                "type": "zip",
                "url": "https://api.github.com/repos/hfcorriez/php-qiniu/zipball/6b43b5020ec78b4cb68fb337ae8937c1679d5aef",
                "reference": "6b43b5020ec78b4cb68fb337ae8937c1679d5aef",
                "shasum": ""
            },
            "require": {
                "php": ">=5.3.9"
            },
            "type": "library",
            "autoload": {
                "psr-0": {
                    "Qiniu": "lib/"
                }
            },
            "notification-url": "https://packagist.org/downloads/",
            "license": [
                "MIT"
            ],
            "authors": [
                {
                    "name": "Corrie Zhao",
                    "email": "hfcorriez@gmail.com"
                }
            ],
            "description": "Qiniu SDK",
            "keywords": [
                "api",
                "cloud storage",
                "qiniu",
                "sdk"
            ],
            "time": "2016-04-14T15:38:21+00:00"
        }
    ],
    "packages-dev": [],
    "aliases": [],
    "minimum-stability": "dev",
    "stability-flags": {
        "phalapi/qrcode": 20,
        "phalapi/cli": 20,
        "phalapi/task": 20,
        "phalapi/qiniu": 20
    },
    "prefer-stable": false,
    "prefer-lowest": false,
    "platform": {
        "php": ">=5.3.3"
    },
    "platform-dev": []
}
